
Microsoft Visual Studio Solution File, Format Version 12.00
# Visual Studio Version 16
VisualStudioVersion = 16.0.28803.352
MinimumVisualStudioVersion = 10.0.40219.1
Project("{FAE04EC0-301F-11D3-BF4B-00C04F79EFBC}") = "QuartzDemo", "QuartzDemo\QuartzDemo.csproj", "{D9F10BAD-DFFB-4F39-8F5E-86AFFC44F127}"
EndProject
Global
	GlobalSection(SolutionConfigurationPlatforms) = preSolution
		Debug|Any CPU = Debug|Any CPU
		Release|Any CPU = Release|Any CPU
	EndGlobalSection
	GlobalSection(ProjectConfigurationPlatforms) = postSolution
		{D9F10BAD-DFFB-4F39-8F5E-86AFFC44F127}.Debug|Any CPU.ActiveCfg = Debug|Any CPU
		{D9F10BAD-DFFB-4F39-8F5E-86AFFC44F127}.Debug|Any CPU.Build.0 = Debug|Any CPU
		{D9F10BAD-DFFB-4F39-8F5E-86AFFC44F127}.Release|Any CPU.ActiveCfg = Release|Any CPU
		{D9F10BAD-DFFB-4F39-8F5E-86AFFC44F127}.Release|Any CPU.Build.0 = Release|Any CPU
	EndGlobalSection
	GlobalSection(SolutionProperties) = preSolution
		HideSolutionNode = FALSE
	EndGlobalSection
	GlobalSection(ExtensibilityGlobals) = postSolution
		SolutionGuid = {E4D05FC5-4D0A-4678-911F-45FD9B8731DB}
	EndGlobalSection
EndGlobal
